// !$*UTF8*$!
{
	archiveVersion = 1;
	classes = {
	};
	objectVersion = 46;
	objects = {

/* Begin PBXBuildFile section */
		959099A11EFCFA1C001D0A17 /* AppDelegate.swift in Sources */ = {isa = PBXBuildFile; fileRef = 959099A01EFCFA1C001D0A17 /* AppDelegate.swift */; };
		959099A31EFCFA1C001D0A17 /* ViewController.swift in Sources */ = {isa = PBXBuildFile; fileRef = 959099A21EFCFA1C001D0A17 /* ViewController.swift */; };
		959099A81EFCFA1D001D0A17 /* Assets.xcassets in Resources */ = {isa = PBXBuildFile; fileRef = 959099A71EFCFA1D001D0A17 /* Assets.xcassets */; };
		959099AB1EFCFA1D001D0A17 /* LaunchScreen.storyboard in Resources */ = {isa = PBXBuildFile; fileRef = 959099A91EFCFA1D001D0A17 /* LaunchScreen.storyboard */; };
		959099B61EFCFEC3001D0A17 /* RequestResult.swift in Sources */ = {isa = PBXBuildFile; fileRef = 959099B51EFCFEC3001D0A17 /* RequestResult.swift */; };
		959099B81EFD00A3001D0A17 /* HardCode.swift in Sources */ = {isa = PBXBuildFile; fileRef = 959099B71EFD00A3001D0A17 /* HardCode.swift */; };
		959099BB1EFD0C83001D0A17 /* ResultTableTableViewController.swift in Sources */ = {isa = PBXBuildFile; fileRef = 959099B91EFD0C83001D0A17 /* ResultTableTableViewController.swift */; };
		959099C01EFD0CCA001D0A17 /* CustomCell.swift in Sources */ = {isa = PBXBuildFile; fileRef = 959099BE1EFD0CCA001D0A17 /* CustomCell.swift */; };
		959099C11EFD0CCA001D0A17 /* CustomCell.xib in Resources */ = {isa = PBXBuildFile; fileRef = 959099BF1EFD0CCA001D0A17 /* CustomCell.xib */; };
		959099C51EFD14F1001D0A17 /* ImageViewController.swift in Sources */ = {isa = PBXBuildFile; fileRef = 959099C41EFD14F1001D0A17 /* ImageViewController.swift */; };
		959099C91EFD1A82001D0A17 /* Main.storyboard in Resources */ = {isa = PBXBuildFile; fileRef = 959099C81EFD1A82001D0A17 /* Main.storyboard */; };
/* End PBXBuildFile section */

/* Begin PBXFileReference section */
		9590999D1EFCFA1C001D0A17 /* Request.app */ = {isa = PBXFileReference; explicitFileType = wrapper.application; includeInIndex = 0; path = Request.app; sourceTree = BUILT_PRODUCTS_DIR; };
		959099A01EFCFA1C001D0A17 /* AppDelegate.swift */ = {isa = PBXFileReference; lastKnownFileType = sourcecode.swift; path = AppDelegate.swift; sourceTree = "<group>"; };
		959099A21EFCFA1C001D0A17 /* ViewController.swift */ = {isa = PBXFileReference; lastKnownFileType = sourcecode.swift; path = ViewController.swift; sourceTree = "<group>"; };
		959099A71EFCFA1D001D0A17 /* Assets.xcassets */ = {isa = PBXFileReference; lastKnownFileType = folder.assetcatalog; path = Assets.xcassets; sourceTree = "<group>"; };
		959099AA1EFCFA1D001D0A17 /* Base */ = {isa = PBXFileReference; lastKnownFileType = file.storyboard; name = Base; path = Base.lproj/LaunchScreen.storyboard; sourceTree = "<group>"; };
		959099AC1EFCFA1D001D0A17 /* Info.plist */ = {isa = PBXFileReference; lastKnownFileType = text.plist.xml; path = Info.plist; sourceTree = "<group>"; };
		959099B51EFCFEC3001D0A17 /* RequestResult.swift */ = {isa = PBXFileReference; fileEncoding = 4; lastKnownFileType = sourcecode.swift; path = RequestResult.swift; sourceTree = "<group>"; };
		959099B71EFD00A3001D0A17 /* HardCode.swift */ = {isa = PBXFileReference; fileEncoding = 4; lastKnownFileType = sourcecode.swift; path = HardCode.swift; sourceTree = "<group>"; };
		959099B91EFD0C83001D0A17 /* ResultTableTableViewController.swift */ = {isa = PBXFileReference; fileEncoding = 4; lastKnownFileType = sourcecode.swift; path = ResultTableTableViewController.swift; sourceTree = "<group>"; };
		959099BE1EFD0CCA001D0A17 /* CustomCell.swift */ = {isa = PBXFileReference; fileEncoding = 4; lastKnownFileType = sourcecode.swift; path = CustomCell.swift; sourceTree = "<group>"; };
		959099BF1EFD0CCA001D0A17 /* CustomCell.xib */ = {isa = PBXFileReference; fileEncoding = 4; lastKnownFileType = file.xib; path = CustomCell.xib; sourceTree = "<group>"; };
		959099C41EFD14F1001D0A17 /* ImageViewController.swift */ = {isa = PBXFileReference; fileEncoding = 4; lastKnownFileType = sourcecode.swift; path = ImageViewController.swift; sourceTree = "<group>"; };
		959099C81EFD1A82001D0A17 /* Main.storyboard */ = {isa = PBXFileReference; fileEncoding = 4; lastKnownFileType = file.storyboard; name = Main.storyboard; path = ../../Main.storyboard; sourceTree = "<group>"; };
/* End PBXFileReference section */

/* Begin PBXFrameworksBuildPhase section */
		9590999A1EFCFA1C001D0A17 /* Frameworks */ = {
			isa = PBXFrameworksBuildPhase;
			buildActionMask = 2147483647;
			files = (
			);
			runOnlyForDeploymentPostprocessing = 0;
		};
/* End PBXFrameworksBuildPhase section */

/* Begin PBXGroup section */
		959099941EFCFA1C001D0A17 = {
			isa = PBXGroup;
			children = (
				9590999F1EFCFA1C001D0A17 /* Request */,
				9590999E1EFCFA1C001D0A17 /* Products */,
			);
			sourceTree = "<group>";
		};
		9590999E1EFCFA1C001D0A17 /* Products */ = {
			isa = PBXGroup;
			children = (
				9590999D1EFCFA1C001D0A17 /* Request.app */,
			);
			name = Products;
			sourceTree = "<group>";
		};
		9590999F1EFCFA1C001D0A17 /* Request */ = {
			isa = PBXGroup;
			children = (
				959099A01EFCFA1C001D0A17 /* AppDelegate.swift */,
				959099B41EFCFEAA001D0A17 /* Models */,
				959099A21EFCFA1C001D0A17 /* ViewController.swift */,
				959099B91EFD0C83001D0A17 /* ResultTableTableViewController.swift */,
				959099C41EFD14F1001D0A17 /* ImageViewController.swift */,
				959099C81EFD1A82001D0A17 /* Main.storyboard */,
				959099BD1EFD0CA5001D0A17 /* UI */,
				959099A71EFCFA1D001D0A17 /* Assets.xcassets */,
				959099A91EFCFA1D001D0A17 /* LaunchScreen.storyboard */,
				959099AC1EFCFA1D001D0A17 /* Info.plist */,
			);
			path = Request;
			sourceTree = "<group>";
		};
		959099B41EFCFEAA001D0A17 /* Models */ = {
			isa = PBXGroup;
			children = (
				959099B51EFCFEC3001D0A17 /* RequestResult.swift */,
				959099B71EFD00A3001D0A17 /* HardCode.swift */,
			);
			name = Models;
			sourceTree = "<group>";
		};
		959099BD1EFD0CA5001D0A17 /* UI */ = {
			isa = PBXGroup;
			children = (
				959099BE1EFD0CCA001D0A17 /* CustomCell.swift */,
				959099BF1EFD0CCA001D0A17 /* CustomCell.xib */,
			);
			name = UI;
			sourceTree = "<group>";
		};
/* End PBXGroup section */

/* Begin PBXNativeTarget section */
		9590999C1EFCFA1C001D0A17 /* Request */ = {
			isa = PBXNativeTarget;
			buildConfigurationList = 959099AF1EFCFA1D001D0A17 /* Build configuration list for PBXNativeTarget "Request" */;
			buildPhases = (
				959099991EFCFA1C001D0A17 /* Sources */,
				9590999A1EFCFA1C001D0A17 /* Frameworks */,
				9590999B1EFCFA1C001D0A17 /* Resources */,
			);
			buildRules = (
			);
			dependencies = (
			);
			name = Request;
			productName = Request;
			productReference = 9590999D1EFCFA1C001D0A17 /* Request.app */;
			productType = "com.apple.product-type.application";
		};
/* End PBXNativeTarget section */

/* Begin PBXProject section */
		959099951EFCFA1C001D0A17 /* Project object */ = {
			isa = PBXProject;
			attributes = {
				LastSwiftUpdateCheck = 0830;
				LastUpgradeCheck = 0830;
				ORGANIZATIONNAME = Anna;
				TargetAttributes = {
					9590999C1EFCFA1C001D0A17 = {
						CreatedOnToolsVersion = 8.3.2;
						DevelopmentTeam = X8E2R8HQQL;
						ProvisioningStyle = Automatic;
					};
				};
			};
			buildConfigurationList = 959099981EFCFA1C001D0A17 /* Build configuration list for PBXProject "Request" */;
			compatibilityVersion = "Xcode 3.2";
			developmentRegion = English;
			hasScannedForEncodings = 0;
			knownRegions = (
				en,
				Base,
			);
			mainGroup = 959099941EFCFA1C001D0A17;
			productRefGroup = 9590999E1EFCFA1C001D0A17 /* Products */;
			projectDirPath = "";
			projectRoot = "";
			targets = (
				9590999C1EFCFA1C001D0A17 /* Request */,
			);
		};
/* End PBXProject section */

/* Begin PBXResourcesBuildPhase section */
		9590999B1EFCFA1C001D0A17 /* Resources */ = {
			isa = PBXResourcesBuildPhase;
			buildActionMask = 2147483647;
			files = (
				959099AB1EFCFA1D001D0A17 /* LaunchScreen.storyboard in Resources */,
				959099C91EFD1A82001D0A17 /* Main.storyboard in Resources */,
				959099A81EFCFA1D001D0A17 /* Assets.xcassets in Resources */,
				959099C11EFD0CCA001D0A17 /* CustomCell.xib in Resources */,
			);
			runOnlyForDeploymentPostprocessing = 0;
		};
/* End PBXResourcesBuildPhase section */

/* Begin PBXSourcesBuildPhase section */
		959099991EFCFA1C001D0A17 /* Sources */ = {
			isa = PBXSourcesBuildPhase;
			buildActionMask = 2147483647;
			files = (
				959099B61EFCFEC3001D0A17 /* RequestResult.swift in Sources */,
				959099A31EFCFA1C001D0A17 /* ViewController.swift in Sources */,
				959099A11EFCFA1C001D0A17 /* AppDelegate.swift in Sources */,
				959099C51EFD14F1001D0A17 /* ImageViewController.swift in Sources */,
				959099B81EFD00A3001D0A17 /* HardCode.swift in Sources */,
				959099C01EFD0CCA001D0A17 /* CustomCell.swift in Sources */,
				959099BB1EFD0C83001D0A17 /* ResultTableTableViewController.swift in Sources */,
			);
			runOnlyForDeploymentPostprocessing = 0;
		};
/* End PBXSourcesBuildPhase section */

/* Begin PBXVariantGroup section */
		959099A91EFCFA1D001D0A17 /* LaunchScreen.storyboard */ = {
			isa = PBXVariantGroup;
			children = (
				959099AA1EFCFA1D001D0A17 /* Base */,
			);
			name = LaunchScreen.storyboard;
			sourceTree = "<group>";
		};
/* End PBXVariantGroup section */

/* Begin XCBuildConfiguration section */
		959099AD1EFCFA1D001D0A17 /* Debug */ = {
			isa = XCBuildConfiguration;
			buildSettings = {
				ALWAYS_SEARCH_USER_PATHS = NO;
				CLANG_ANALYZER_NONNULL = YES;
				CLANG_ANALYZER_NUMBER_OBJECT_CONVERSION = YES_AGGRESSIVE;
				CLANG_CXX_LANGUAGE_STANDARD = "gnu++0x";
				CLANG_CXX_LIBRARY = "libc++";
				CLANG_ENABLE_MODULES = YES;
				CLANG_ENABLE_OBJC_ARC = YES;
				CLANG_WARN_BOOL_CONVERSION = YES;
				CLANG_WARN_CONSTANT_CONVERSION = YES;
				CLANG_WARN_DIRECT_OBJC_ISA_USAGE = YES_ERROR;
				CLANG_WARN_DOCUMENTATION_COMMENTS = YES;
				CLANG_WARN_EMPTY_BODY = YES;
				CLANG_WARN_ENUM_CONVERSION = YES;
				CLANG_WARN_INFINITE_RECURSION = YES;
				CLANG_WARN_INT_CONVERSION = YES;
				CLANG_WARN_OBJC_ROOT_CLASS = YES_ERROR;
				CLANG_WARN_SUSPICIOUS_MOVE = YES;
				CLANG_WARN_UNREACHABLE_CODE = YES;
				CLANG_WARN__DUPLICATE_METHOD_MATCH = YES;
				"CODE_SIGN_IDENTITY[sdk=iphoneos*]" = "iPhone Developer";
				COPY_PHASE_STRIP = NO;
				DEBUG_INFORMATION_FORMAT = dwarf;
				ENABLE_STRICT_OBJC_MSGSEND = YES;
				ENABLE_TESTABILITY = YES;
				GCC_C_LANGUAGE_STANDARD = gnu99;
				GCC_DYNAMIC_NO_PIC = NO;
				GCC_NO_COMMON_BLOCKS = YES;
				GCC_OPTIMIZATION_LEVEL = 0;
				GCC_PREPROCESSOR_DEFINITIONS = (
					"DEBUG=1",
					"$(inherited)",
				);
				GCC_WARN_64_TO_32_BIT_CONVERSION = YES;
				GCC_WARN_ABOUT_RETURN_TYPE = YES_ERROR;
				GCC_WARN_UNDECLARED_SELECTOR = YES;
				GCC_WARN_UNINITIALIZED_AUTOS = YES_AGGRESSIVE;
				GCC_WARN_UNUSED_FUNCTION = YES;
				GCC_WARN_UNUSED_VARIABLE = YES;
				IPHONEOS_DEPLOYMENT_TARGET = 10.3;
				MTL_ENABLE_DEBUG_INFO = YES;
				ONLY_ACTIVE_ARCH = YES;
				SDKROOT = iphoneos;
				SWIFT_ACTIVE_COMPILATION_CONDITIONS = DEBUG;
				SWIFT_OPTIMIZATION_LEVEL = "-Onone";
				TARGETED_DEVICE_FAMILY = "1,2";
			};
			name = Debug;
		};
		959099AE1EFCFA1D001D0A17 /* Release */ = {
			isa = XCBuildConfiguration;
			buildSettings = {
				ALWAYS_SEARCH_USER_PATHS = NO;
				CLANG_ANALYZER_NONNULL = YES;
				CLANG_ANALYZER_NUMBER_OBJECT_CONVERSION = YES_AGGRESSIVE;
				CLANG_CXX_LANGUAGE_STANDARD = "gnu++0x";
				CLANG_CXX_LIBRARY = "libc++";
				CLANG_ENABLE_MODULES = YES;
				CLANG_ENABLE_OBJC_ARC = YES;
				CLANG_WARN_BOOL_CONVERSION = YES;
				CLANG_WARN_CONSTANT_CONVERSION = YES;
				CLANG_WARN_DIRECT_OBJC_ISA_USAGE = YES_ERROR;
				CLANG_WARN_DOCUMENTATION_COMMENTS = YES;
				CLANG_WARN_EMPTY_BODY = YES;
				CLANG_WARN_ENUM_CONVERSION = YES;
				CLANG_WARN_INFINITE_RECURSION = YES;
				CLANG_WARN_INT_CONVERSION = YES;
				CLANG_WARN_OBJC_ROOT_CLASS = YES_ERROR;
				CLANG_WARN_SUSPICIOUS_MOVE = YES;
				CLANG_WARN_UNREACHABLE_CODE = YES;
				CLANG_WARN__DUPLICATE_METHOD_MATCH = YES;
				"CODE_SIGN_IDENTITY[sdk=iphoneos*]" = "iPhone Developer";
				COPY_PHASE_STRIP = NO;
				DEBUG_INFORMATION_FORMAT = "dwarf-with-dsym";
				ENABLE_NS_ASSERTIONS = NO;
				ENABLE_STRICT_OBJC_MSGSEND = YES;
				GCC_C_LANGUAGE_STANDARD = gnu99;
				GCC_NO_COMMON_BLOCKS = YES;
				GCC_WARN_64_TO_32_BIT_CONVERSION = YES;
				GCC_WARN_ABOUT_RETURN_TYPE = YES_ERROR;
				GCC_WARN_UNDECLARED_SELECTOR = YES;
				GCC_WARN_UNINITIALIZED_AUTOS = YES_AGGRESSIVE;
				GCC_WARN_UNUSED_FUNCTION = YES;
				GCC_WARN_UNUSED_VARIABLE = YES;
				IPHONEOS_DEPLOYMENT_TARGET = 10.3;
				MTL_ENABLE_DEBUG_INFO = NO;
				SDKROOT = iphoneos;
				SWIFT_OPTIMIZATION_LEVEL = "-Owholemodule";
				TARGETED_DEVICE_FAMILY = "1,2";
				VALIDATE_PRODUCT = YES;
			};
			name = Release;
		};
		959099B01EFCFA1D001D0A17 /* Debug */ = {
			isa = XCBuildConfiguration;
			buildSettings = {
				ASSETCATALOG_COMPILER_APPICON_NAME = AppIcon;
				DEVELOPMENT_TEAM = X8E2R8HQQL;
				INFOPLIST_FILE = Request/Info.plist;
				LD_RUNPATH_SEARCH_PATHS = "$(inherited) @executable_path/Frameworks";
				PRODUCT_BUNDLE_IDENTIFIER = "A-Lime-Studio.Request";
				PRODUCT_NAME = "$(TARGET_NAME)";
				SWIFT_VERSION = 3.0;
			};
			name = Debug;
		};
		959099B11EFCFA1D001D0A17 /* Release */ = {
			isa = XCBuildConfiguration;
			buildSettings = {
				ASSETCATALOG_COMPILER_APPICON_NAME = AppIcon;
				DEVELOPMENT_TEAM = X8E2R8HQQL;
				INFOPLIST_FILE = Request/Info.plist;
				LD_RUNPATH_SEARCH_PATHS = "$(inherited) @executable_path/Frameworks";
				PRODUCT_BUNDLE_IDENTIFIER = "A-Lime-Studio.Request";
				PRODUCT_NAME = "$(TARGET_NAME)";
				SWIFT_VERSION = 3.0;
			};
			name = Release;
		};
/* End XCBuildConfiguration section */

/* Begin XCConfigurationList section */
		959099981EFCFA1C001D0A17 /* Build configuration list for PBXProject "Request" */ = {
			isa = XCConfigurationList;
			buildConfigurations = (
				959099AD1EFCFA1D001D0A17 /* Debug */,
				959099AE1EFCFA1D001D0A17 /* Release */,
			);
			defaultConfigurationIsVisible = 0;
			defaultConfigurationName = Release;
		};
		959099AF1EFCFA1D001D0A17 /* Build configuration list for PBXNativeTarget "Request" */ = {
			isa = XCConfigurationList;
			buildConfigurations = (
				959099B01EFCFA1D001D0A17 /* Debug */,
				959099B11EFCFA1D001D0A17 /* Release */,
			);
			defaultConfigurationIsVisible = 0;
			defaultConfigurationName = Release;
		};
/* End XCConfigurationList section */
	};
	rootObject = 959099951EFCFA1C001D0A17 /* Project object */;
}
